
Microsoft Visual Studio Solution File, Format Version 12.00
# Visual Studio 15
VisualStudioVersion = 15.0.27004.2005
MinimumVisualStudioVersion = 10.0.40219.1
Project("{FAE04EC0-301F-11D3-BF4B-00C04F79EFBC}") = "CitiesApiNet", "CitiesApiNet\CitiesApiNet.csproj", "{5381B8DB-D10D-4B82-9647-C92164ECD4FC}"
EndProject
Project("{FAE04EC0-301F-11D3-BF4B-00C04F79EFBC}") = "CitiesApiNet.Tests", "CitiesApiNet.Tests\CitiesApiNet.Tests.csproj", "{A905B976-B907-410E-9C5D-B2AE37DB41A9}"
EndProject
Global
	GlobalSection(SolutionConfigurationPlatforms) = preSolution
		Debug|Any CPU = Debug|Any CPU
		Release|Any CPU = Release|Any CPU
	EndGlobalSection
	GlobalSection(ProjectConfigurationPlatforms) = postSolution
		{5381B8DB-D10D-4B82-9647-C92164ECD4FC}.Debug|Any CPU.ActiveCfg = Debug|Any CPU
		{5381B8DB-D10D-4B82-9647-C92164ECD4FC}.Debug|Any CPU.Build.0 = Debug|Any CPU
		{5381B8DB-D10D-4B82-9647-C92164ECD4FC}.Release|Any CPU.ActiveCfg = Release|Any CPU
		{5381B8DB-D10D-4B82-9647-C92164ECD4FC}.Release|Any CPU.Build.0 = Release|Any CPU
		{A905B976-B907-410E-9C5D-B2AE37DB41A9}.Debug|Any CPU.ActiveCfg = Debug|Any CPU
		{A905B976-B907-410E-9C5D-B2AE37DB41A9}.Debug|Any CPU.Build.0 = Debug|Any CPU
		{A905B976-B907-410E-9C5D-B2AE37DB41A9}.Release|Any CPU.ActiveCfg = Release|Any CPU
		{A905B976-B907-410E-9C5D-B2AE37DB41A9}.Release|Any CPU.Build.0 = Release|Any CPU
	EndGlobalSection
	GlobalSection(SolutionProperties) = preSolution
		HideSolutionNode = FALSE
	EndGlobalSection
	GlobalSection(ExtensibilityGlobals) = postSolution
		SolutionGuid = {D3D4EA99-2600-4CAD-A377-7AD9519F5E16}
	EndGlobalSection
EndGlobal
